
Microsoft Visual Studio Solution File, Format Version 12.00
# Visual Studio Version 16
VisualStudioVersion = 16.0.29905.134
MinimumVisualStudioVersion = 10.0.40219.1
Project("{FAE04EC0-301F-11D3-BF4B-00C04F79EFBC}") = "WzgjSystemAPI", "WzgjSystemAPI.csproj", "{500803D4-EBCB-4622-8D52-835BACB120C0}"
EndProject
Project("{FAE04EC0-301F-11D3-BF4B-00C04F79EFBC}") = "WzgjModel", "..\WzgjModel\WzgjModel.csproj", "{46E7206C-3239-464D-AE72-CA40DF9993B3}"
EndProject
Project("{FAE04EC0-301F-11D3-BF4B-00C04F79EFBC}") = "WzgjDAL", "..\WzgjDAL\WzgjDAL.csproj", "{3D1E656A-BB53-4850-AB6F-28057A2DA13B}"
EndProject
Project("{FAE04EC0-301F-11D3-BF4B-00C04F79EFBC}") = "WzgjViewModel", "..\WzgjViewModel\WzgjViewModel.csproj", "{90DBA8C4-1997-43BC-B734-B5B3C84A1AD1}"
EndProject
Project("{FAE04EC0-301F-11D3-BF4B-00C04F79EFBC}") = "WzgjBLL", "..\WzgjBLL\WzgjBLL.csproj", "{EADA3206-3C76-4DA9-B72B-DA4EE2713BC0}"
EndProject
Global
	GlobalSection(SolutionConfigurationPlatforms) = preSolution
		Debug|Any CPU = Debug|Any CPU
		Release|Any CPU = Release|Any CPU
	EndGlobalSection
	GlobalSection(ProjectConfigurationPlatforms) = postSolution
		{500803D4-EBCB-4622-8D52-835BACB120C0}.Debug|Any CPU.ActiveCfg = Debug|Any CPU
		{500803D4-EBCB-4622-8D52-835BACB120C0}.Debug|Any CPU.Build.0 = Debug|Any CPU
		{500803D4-EBCB-4622-8D52-835BACB120C0}.Release|Any CPU.ActiveCfg = Release|Any CPU
		{500803D4-EBCB-4622-8D52-835BACB120C0}.Release|Any CPU.Build.0 = Release|Any CPU
		{46E7206C-3239-464D-AE72-CA40DF9993B3}.Debug|Any CPU.ActiveCfg = Debug|Any CPU
		{46E7206C-3239-464D-AE72-CA40DF9993B3}.Debug|Any CPU.Build.0 = Debug|Any CPU
		{46E7206C-3239-464D-AE72-CA40DF9993B3}.Release|Any CPU.ActiveCfg = Release|Any CPU
		{46E7206C-3239-464D-AE72-CA40DF9993B3}.Release|Any CPU.Build.0 = Release|Any CPU
		{3D1E656A-BB53-4850-AB6F-28057A2DA13B}.Debug|Any CPU.ActiveCfg = Debug|Any CPU
		{3D1E656A-BB53-4850-AB6F-28057A2DA13B}.Debug|Any CPU.Build.0 = Debug|Any CPU
		{3D1E656A-BB53-4850-AB6F-28057A2DA13B}.Release|Any CPU.ActiveCfg = Release|Any CPU
		{3D1E656A-BB53-4850-AB6F-28057A2DA13B}.Release|Any CPU.Build.0 = Release|Any CPU
		{90DBA8C4-1997-43BC-B734-B5B3C84A1AD1}.Debug|Any CPU.ActiveCfg = Debug|Any CPU
		{90DBA8C4-1997-43BC-B734-B5B3C84A1AD1}.Debug|Any CPU.Build.0 = Debug|Any CPU
		{90DBA8C4-1997-43BC-B734-B5B3C84A1AD1}.Release|Any CPU.ActiveCfg = Release|Any CPU
		{90DBA8C4-1997-43BC-B734-B5B3C84A1AD1}.Release|Any CPU.Build.0 = Release|Any CPU
		{EADA3206-3C76-4DA9-B72B-DA4EE2713BC0}.Debug|Any CPU.ActiveCfg = Debug|Any CPU
		{EADA3206-3C76-4DA9-B72B-DA4EE2713BC0}.Debug|Any CPU.Build.0 = Debug|Any CPU
		{EADA3206-3C76-4DA9-B72B-DA4EE2713BC0}.Release|Any CPU.ActiveCfg = Release|Any CPU
		{EADA3206-3C76-4DA9-B72B-DA4EE2713BC0}.Release|Any CPU.Build.0 = Release|Any CPU
	EndGlobalSection
	GlobalSection(SolutionProperties) = preSolution
		HideSolutionNode = FALSE
	EndGlobalSection
	GlobalSection(ExtensibilityGlobals) = postSolution
		SolutionGuid = {5B17709F-5AF0-4FEF-8E13-A1F28E478C1C}
	EndGlobalSection
EndGlobal
